
Microsoft Visual Studio Solution File, Format Version 12.00
# Visual Studio Version 16
VisualStudioVersion = 16.0.28803.202
MinimumVisualStudioVersion = 10.0.40219.1
Project("{FAE04EC0-301F-11D3-BF4B-00C04F79EFBC}") = "MazeGenerator", "MazeGenerator\MazeGenerator.csproj", "{491AD666-AA2D-40DD-B762-839643333090}"
EndProject
Global
	GlobalSection(SolutionConfigurationPlatforms) = preSolution
		Debug|Any CPU = Debug|Any CPU
		Release|Any CPU = Release|Any CPU
	EndGlobalSection
	GlobalSection(ProjectConfigurationPlatforms) = postSolution
		{491AD666-AA2D-40DD-B762-839643333090}.Debug|Any CPU.ActiveCfg = Debug|Any CPU
		{491AD666-AA2D-40DD-B762-839643333090}.Debug|Any CPU.Build.0 = Debug|Any CPU
		{491AD666-AA2D-40DD-B762-839643333090}.Release|Any CPU.ActiveCfg = Release|Any CPU
		{491AD666-AA2D-40DD-B762-839643333090}.Release|Any CPU.Build.0 = Release|Any CPU
	EndGlobalSection
	GlobalSection(SolutionProperties) = preSolution
		HideSolutionNode = FALSE
	EndGlobalSection
	GlobalSection(ExtensibilityGlobals) = postSolution
		SolutionGuid = {D623DB15-070B-40D6-8891-0855F692A375}
	EndGlobalSection
EndGlobal
